{
  "name": "videoutils-shared",
  "version": "1.0.0",
  "lockfileVersion": 2,
  "requires": true,
  "packages": {
    "": {
      "name": "videoutils-shared",
      "version": "1.0.0",
      "license": "ISC",
      "devDependencies": {
        "typescript": "^4.9.5"
      },
      "peerDependencies": {
        "redis": "^4.6.4"
      }
    },
    "node_modules/@redis/bloom": {
      "version": "1.2.0",
      "resolved": "https://registry.npmjs.org/@redis/bloom/-/bloom-1.2.0.tgz",
      "integrity": "sha512-HG2DFjYKbpNmVXsa0keLHp/3leGJz1mjh09f2RLGGLQZzSHpkmZWuwJbAvo3QcRY8p80m5+ZdXZdYOSBLlp7Cg==",
      "peer": true,
      "peerDependencies": {
        "@redis/client": "^1.0.0"
      }
    },
    "node_modules/@redis/client": {
      "version": "1.5.5",
      "resolved": "https://registry.npmjs.org/@redis/client/-/client-1.5.5.tgz",
      "integrity": "sha512-fuMnpDYSjT5JXR9rrCW1YWA4L8N/9/uS4ImT3ZEC/hcaQRI1D/9FvwjriRj1UvepIgzZXthFVKMNRzP/LNL7BQ==",
      "peer": true,
      "dependencies": {
        "cluster-key-slot": "1.1.2",
        "generic-pool": "3.9.0",
        "yallist": "4.0.0"
      },
      "engines": {
        "node": ">=14"
      }
    },
    "node_modules/@redis/graph": {
      "version": "1.1.0",
      "resolved": "https://registry.npmjs.org/@redis/graph/-/graph-1.1.0.tgz",
      "integrity": "sha512-16yZWngxyXPd+MJxeSr0dqh2AIOi8j9yXKcKCwVaKDbH3HTuETpDVPcLujhFYVPtYrngSco31BUcSa9TH31Gqg==",
      "peer": true,
      "peerDependencies": {
        "@redis/client": "^1.0.0"
      }
    },
    "node_modules/@redis/json": {
      "version": "1.0.4",
      "resolved": "https://registry.npmjs.org/@redis/json/-/json-1.0.4.tgz",
      "integrity": "sha512-LUZE2Gdrhg0Rx7AN+cZkb1e6HjoSKaeeW8rYnt89Tly13GBI5eP4CwDVr+MY8BAYfCg4/N15OUrtLoona9uSgw==",
      "peer": true,
      "peerDependencies": {
        "@redis/client": "^1.0.0"
      }
    },
    "node_modules/@redis/search": {
      "version": "1.1.1",
      "resolved": "https://registry.npmjs.org/@redis/search/-/search-1.1.1.tgz",
      "integrity": "sha512-pqCXTc5e7wJJgUuJiC3hBgfoFRoPxYzwn0BEfKgejTM7M/9zP3IpUcqcjgfp8hF+LoV8rHZzcNTz7V+pEIY7LQ==",
      "peer": true,
      "peerDependencies": {
        "@redis/client": "^1.0.0"
      }
    },
    "node_modules/@redis/time-series": {
      "version": "1.0.4",
      "resolved": "https://registry.npmjs.org/@redis/time-series/-/time-series-1.0.4.tgz",
      "integrity": "sha512-ThUIgo2U/g7cCuZavucQTQzA9g9JbDDY2f64u3AbAoz/8vE2lt2U37LamDUVChhaDA3IRT9R6VvJwqnUfTJzng==",
      "peer": true,
      "peerDependencies": {
        "@redis/client": "^1.0.0"
      }
    },
    "node_modules/cluster-key-slot": {
      "version": "1.1.2",
      "resolved": "https://registry.npmjs.org/cluster-key-slot/-/cluster-key-slot-1.1.2.tgz",
      "integrity": "sha512-RMr0FhtfXemyinomL4hrWcYJxmX6deFdCxpJzhDttxgO1+bcCnkk+9drydLVDmAMG7NE6aN/fl4F7ucU/90gAA==",
      "peer": true,
      "engines": {
        "node": ">=0.10.0"
      }
    },
    "node_modules/generic-pool": {
      "version": "3.9.0",
      "resolved": "https://registry.npmjs.org/generic-pool/-/generic-pool-3.9.0.tgz",
      "integrity": "sha512-hymDOu5B53XvN4QT9dBmZxPX4CWhBPPLguTZ9MMFeFa/Kg0xWVfylOVNlJji/E7yTZWFd/q9GO5TxDLq156D7g==",
      "peer": true,
      "engines": {
        "node": ">= 4"
      }
    },
    "node_modules/redis": {
      "version": "4.6.4",
      "resolved": "https://registry.npmjs.org/redis/-/redis-4.6.4.tgz",
      "integrity": "sha512-wi2tgDdQ+Q8q+PR5FLRx4QvDiWaA+PoJbrzsyFqlClN5R4LplHqN3scs/aGjE//mbz++W19SgxiEnQ27jnCRaA==",
      "peer": true,
      "dependencies": {
        "@redis/bloom": "1.2.0",
        "@redis/client": "1.5.5",
        "@redis/graph": "1.1.0",
        "@redis/json": "1.0.4",
        "@redis/search": "1.1.1",
        "@redis/time-series": "1.0.4"
      }
    },
    "node_modules/typescript": {
      "version": "4.9.5",
      "resolved": "https://registry.npmjs.org/typescript/-/typescript-4.9.5.tgz",
      "integrity": "sha512-1FXk9E2Hm+QzZQ7z+McJiHL4NW1F2EzMu9Nq9i3zAaGqibafqYwCVU6WyWAuyQRRzOlxou8xZSyXLEN8oKj24g==",
      "dev": true,
      "bin": {
        "tsc": "bin/tsc",
        "tsserver": "bin/tsserver"
      },
      "engines": {
        "node": ">=4.2.0"
      }
    },
    "node_modules/yallist": {
      "version": "4.0.0",
      "resolved": "https://registry.npmjs.org/yallist/-/yallist-4.0.0.tgz",
      "integrity": "sha512-3wdGidZyq5PB084XLES5TpOSRA3wjXAlIWMhum2kRcv/41Sn2emQ0dycQW4uZXLejwKvg6EsvbdlVL+FYEct7A==",
      "peer": true
    }
  },
  "dependencies": {
    "@redis/bloom": {
      "version": "1.2.0",
      "resolved": "https://registry.npmjs.org/@redis/bloom/-/bloom-1.2.0.tgz",
      "integrity": "sha512-HG2DFjYKbpNmVXsa0keLHp/3leGJz1mjh09f2RLGGLQZzSHpkmZWuwJbAvo3QcRY8p80m5+ZdXZdYOSBLlp7Cg==",
      "peer": true,
      "requires": {}
    },
    "@redis/client": {
      "version": "1.5.5",
      "resolved": "https://registry.npmjs.org/@redis/client/-/client-1.5.5.tgz",
      "integrity": "sha512-fuMnpDYSjT5JXR9rrCW1YWA4L8N/9/uS4ImT3ZEC/hcaQRI1D/9FvwjriRj1UvepIgzZXthFVKMNRzP/LNL7BQ==",
      "peer": true,
      "requires": {
        "cluster-key-slot": "1.1.2",
        "generic-pool": "3.9.0",
        "yallist": "4.0.0"
      }
    },
    "@redis/graph": {
      "version": "1.1.0",
      "resolved": "https://registry.npmjs.org/@redis/graph/-/graph-1.1.0.tgz",
      "integrity": "sha512-16yZWngxyXPd+MJxeSr0dqh2AIOi8j9yXKcKCwVaKDbH3HTuETpDVPcLujhFYVPtYrngSco31BUcSa9TH31Gqg==",
      "peer": true,
      "requires": {}
    },
    "@redis/json": {
      "version": "1.0.4",
      "resolved": "https://registry.npmjs.org/@redis/json/-/json-1.0.4.tgz",
      "integrity": "sha512-LUZE2Gdrhg0Rx7AN+cZkb1e6HjoSKaeeW8rYnt89Tly13GBI5eP4CwDVr+MY8BAYfCg4/N15OUrtLoona9uSgw==",
      "peer": true,
      "requires": {}
    },
    "@redis/search": {
      "version": "1.1.1",
      "resolved": "https://registry.npmjs.org/@redis/search/-/search-1.1.1.tgz",
      "integrity": "sha512-pqCXTc5e7wJJgUuJiC3hBgfoFRoPxYzwn0BEfKgejTM7M/9zP3IpUcqcjgfp8hF+LoV8rHZzcNTz7V+pEIY7LQ==",
      "peer": true,
      "requires": {}
    },
    "@redis/time-series": {
      "version": "1.0.4",
      "resolved": "https://registry.npmjs.org/@redis/time-series/-/time-series-1.0.4.tgz",
      "integrity": "sha512-ThUIgo2U/g7cCuZavucQTQzA9g9JbDDY2f64u3AbAoz/8vE2lt2U37LamDUVChhaDA3IRT9R6VvJwqnUfTJzng==",
      "peer": true,
      "requires": {}
    },
    "cluster-key-slot": {
      "version": "1.1.2",
      "resolved": "https://registry.npmjs.org/cluster-key-slot/-/cluster-key-slot-1.1.2.tgz",
      "integrity": "sha512-RMr0FhtfXemyinomL4hrWcYJxmX6deFdCxpJzhDttxgO1+bcCnkk+9drydLVDmAMG7NE6aN/fl4F7ucU/90gAA==",
      "peer": true
    },
    "generic-pool": {
      "version": "3.9.0",
      "resolved": "https://registry.npmjs.org/generic-pool/-/generic-pool-3.9.0.tgz",
      "integrity": "sha512-hymDOu5B53XvN4QT9dBmZxPX4CWhBPPLguTZ9MMFeFa/Kg0xWVfylOVNlJji/E7yTZWFd/q9GO5TxDLq156D7g==",
      "peer": true
    },
    "redis": {
      "version": "4.6.4",
      "resolved": "https://registry.npmjs.org/redis/-/redis-4.6.4.tgz",
      "integrity": "sha512-wi2tgDdQ+Q8q+PR5FLRx4QvDiWaA+PoJbrzsyFqlClN5R4LplHqN3scs/aGjE//mbz++W19SgxiEnQ27jnCRaA==",
      "peer": true,
      "requires": {
        "@redis/bloom": "1.2.0",
        "@redis/client": "1.5.5",
        "@redis/graph": "1.1.0",
        "@redis/json": "1.0.4",
        "@redis/search": "1.1.1",
        "@redis/time-series": "1.0.4"
      }
    },
    "typescript": {
      "version": "4.9.5",
      "resolved": "https://registry.npmjs.org/typescript/-/typescript-4.9.5.tgz",
      "integrity": "sha512-1FXk9E2Hm+QzZQ7z+McJiHL4NW1F2EzMu9Nq9i3zAaGqibafqYwCVU6WyWAuyQRRzOlxou8xZSyXLEN8oKj24g==",
      "dev": true
    },
    "yallist": {
      "version": "4.0.0",
      "resolved": "https://registry.npmjs.org/yallist/-/yallist-4.0.0.tgz",
      "integrity": "sha512-3wdGidZyq5PB084XLES5TpOSRA3wjXAlIWMhum2kRcv/41Sn2emQ0dycQW4uZXLejwKvg6EsvbdlVL+FYEct7A==",
      "peer": true
    }
  }
}
